// !$*UTF8*$!
{
	archiveVersion = 1;
	classes = {
	};
	objectVersion = 55;
	objects = {

/* Begin PBXBuildFile section */
		717E65D0274E5CBD00E6157E /* MyFirst_CalculatorApp.swift in Sources */ = {isa = PBXBuildFile; fileRef = 717E65CF274E5CBD00E6157E /* MyFirst_CalculatorApp.swift */; };
		717E65D2274E5CBD00E6157E /* ContentView.swift in Sources */ = {isa = PBXBuildFile; fileRef = 717E65D1274E5CBD00E6157E /* ContentView.swift */; };
		717E65D4274E5CBE00E6157E /* Assets.xcassets in Resources */ = {isa = PBXBuildFile; fileRef = 717E65D3274E5CBE00E6157E /* Assets.xcassets */; };
		717E65D7274E5CBE00E6157E /* Preview Assets.xcassets in Resources */ = {isa = PBXBuildFile; fileRef = 717E65D6274E5CBE00E6157E /* Preview Assets.xcassets */; };
		717E65E027551AA100E6157E /* ArithmeticView.swift in Sources */ = {isa = PBXBuildFile; fileRef = 717E65DF27551AA100E6157E /* ArithmeticView.swift */; };
		717E65E227551BBA00E6157E /* EtcfuncView.swift in Sources */ = {isa = PBXBuildFile; fileRef = 717E65E127551BBA00E6157E /* EtcfuncView.swift */; };
		717E65E42755223900E6157E /* NumberView.swift in Sources */ = {isa = PBXBuildFile; fileRef = 717E65E32755223900E6157E /* NumberView.swift */; };
/* End PBXBuildFile section */

/* Begin PBXFileReference section */
		717E65CC274E5CBD00E6157E /* MyFirst_Calculator.app */ = {isa = PBXFileReference; explicitFileType = wrapper.application; includeInIndex = 0; path = MyFirst_Calculator.app; sourceTree = BUILT_PRODUCTS_DIR; };
		717E65CF274E5CBD00E6157E /* MyFirst_CalculatorApp.swift */ = {isa = PBXFileReference; lastKnownFileType = sourcecode.swift; path = MyFirst_CalculatorApp.swift; sourceTree = "<group>"; };
		717E65D1274E5CBD00E6157E /* ContentView.swift */ = {isa = PBXFileReference; lastKnownFileType = sourcecode.swift; path = ContentView.swift; sourceTree = "<group>"; };
		717E65D3274E5CBE00E6157E /* Assets.xcassets */ = {isa = PBXFileReference; lastKnownFileType = folder.assetcatalog; path = Assets.xcassets; sourceTree = "<group>"; };
		717E65D6274E5CBE00E6157E /* Preview Assets.xcassets */ = {isa = PBXFileReference; lastKnownFileType = folder.assetcatalog; path = "Preview Assets.xcassets"; sourceTree = "<group>"; };
		717E65DF27551AA100E6157E /* ArithmeticView.swift */ = {isa = PBXFileReference; lastKnownFileType = sourcecode.swift; path = ArithmeticView.swift; sourceTree = "<group>"; };
		717E65E127551BBA00E6157E /* EtcfuncView.swift */ = {isa = PBXFileReference; lastKnownFileType = sourcecode.swift; path = EtcfuncView.swift; sourceTree = "<group>"; };
		717E65E32755223900E6157E /* NumberView.swift */ = {isa = PBXFileReference; lastKnownFileType = sourcecode.swift; path = NumberView.swift; sourceTree = "<group>"; };
/* End PBXFileReference section */

/* Begin PBXFrameworksBuildPhase section */
		717E65C9274E5CBD00E6157E /* Frameworks */ = {
			isa = PBXFrameworksBuildPhase;
			buildActionMask = 2147483647;
			files = (
			);
			runOnlyForDeploymentPostprocessing = 0;
		};
/* End PBXFrameworksBuildPhase section */

/* Begin PBXGroup section */
		717E65C3274E5CBD00E6157E = {
			isa = PBXGroup;
			children = (
				717E65CE274E5CBD00E6157E /* MyFirst_Calculator */,
				717E65CD274E5CBD00E6157E /* Products */,
			);
			sourceTree = "<group>";
		};
		717E65CD274E5CBD00E6157E /* Products */ = {
			isa = PBXGroup;
			children = (
				717E65CC274E5CBD00E6157E /* MyFirst_Calculator.app */,
			);
			name = Products;
			sourceTree = "<group>";
		};
		717E65CE274E5CBD00E6157E /* MyFirst_Calculator */ = {
			isa = PBXGroup;
			children = (
				717E65CF274E5CBD00E6157E /* MyFirst_CalculatorApp.swift */,
				717E65D1274E5CBD00E6157E /* ContentView.swift */,
				717E65DF27551AA100E6157E /* ArithmeticView.swift */,
				717E65E127551BBA00E6157E /* EtcfuncView.swift */,
				717E65E32755223900E6157E /* NumberView.swift */,
				717E65D3274E5CBE00E6157E /* Assets.xcassets */,
				717E65D5274E5CBE00E6157E /* Preview Content */,
			);
			path = MyFirst_Calculator;
			sourceTree = "<group>";
		};
		717E65D5274E5CBE00E6157E /* Preview Content */ = {
			isa = PBXGroup;
			children = (
				717E65D6274E5CBE00E6157E /* Preview Assets.xcassets */,
			);
			path = "Preview Content";
			sourceTree = "<group>";
		};
/* End PBXGroup section */

/* Begin PBXNativeTarget section */
		717E65CB274E5CBD00E6157E /* MyFirst_Calculator */ = {
			isa = PBXNativeTarget;
			buildConfigurationList = 717E65DA274E5CBE00E6157E /* Build configuration list for PBXNativeTarget "MyFirst_Calculator" */;
			buildPhases = (
				717E65C8274E5CBD00E6157E /* Sources */,
				717E65C9274E5CBD00E6157E /* Frameworks */,
				717E65CA274E5CBD00E6157E /* Resources */,
			);
			buildRules = (
			);
			dependencies = (
			);
			name = MyFirst_Calculator;
			productName = MyFirst_Calculator;
			productReference = 717E65CC274E5CBD00E6157E /* MyFirst_Calculator.app */;
			productType = "com.apple.product-type.application";
		};
/* End PBXNativeTarget section */

/* Begin PBXProject section */
		717E65C4274E5CBD00E6157E /* Project object */ = {
			isa = PBXProject;
			attributes = {
				BuildIndependentTargetsInParallel = 1;
				LastSwiftUpdateCheck = 1310;
				LastUpgradeCheck = 1310;
				TargetAttributes = {
					717E65CB274E5CBD00E6157E = {
						CreatedOnToolsVersion = 13.1;
					};
				};
			};
			buildConfigurationList = 717E65C7274E5CBD00E6157E /* Build configuration list for PBXProject "MyFirst_Calculator" */;
			compatibilityVersion = "Xcode 13.0";
			developmentRegion = en;
			hasScannedForEncodings = 0;
			knownRegions = (
				en,
				Base,
			);
			mainGroup = 717E65C3274E5CBD00E6157E;
			productRefGroup = 717E65CD274E5CBD00E6157E /* Products */;
			projectDirPath = "";
			projectRoot = "";
			targets = (
				717E65CB274E5CBD00E6157E /* MyFirst_Calculator */,
			);
		};
/* End PBXProject section */

/* Begin PBXResourcesBuildPhase section */
		717E65CA274E5CBD00E6157E /* Resources */ = {
			isa = PBXResourcesBuildPhase;
			buildActionMask = 2147483647;
			files = (
				717E65D7274E5CBE00E6157E /* Preview Assets.xcassets in Resources */,
				717E65D4274E5CBE00E6157E /* Assets.xcassets in Resources */,
			);
			runOnlyForDeploymentPostprocessing = 0;
		};
/* End PBXResourcesBuildPhase section */

/* Begin PBXSourcesBuildPhase section */
		717E65C8274E5CBD00E6157E /* Sources */ = {
			isa = PBXSourcesBuildPhase;
			buildActionMask = 2147483647;
			files = (
				717E65D2274E5CBD00E6157E /* ContentView.swift in Sources */,
				717E65D0274E5CBD00E6157E /* MyFirst_CalculatorApp.swift in Sources */,
				717E65E027551AA100E6157E /* ArithmeticView.swift in Sources */,
				717E65E42755223900E6157E /* NumberView.swift in Sources */,
				717E65E227551BBA00E6157E /* EtcfuncView.swift in Sources */,
			);
			runOnlyForDeploymentPostprocessing = 0;
		};
/* End PBXSourcesBuildPhase section */

/* Begin XCBuildConfiguration section */
		717E65D8274E5CBE00E6157E /* Debug */ = {
			isa = XCBuildConfiguration;
			buildSettings = {
				ALWAYS_SEARCH_USER_PATHS = NO;
				CLANG_ANALYZER_NONNULL = YES;
				CLANG_ANALYZER_NUMBER_OBJECT_CONVERSION = YES_AGGRESSIVE;
				CLANG_CXX_LANGUAGE_STANDARD = "gnu++17";
				CLANG_CXX_LIBRARY = "libc++";
				CLANG_ENABLE_MODULES = YES;
				CLANG_ENABLE_OBJC_ARC = YES;
				CLANG_ENABLE_OBJC_WEAK = YES;
				CLANG_WARN_BLOCK_CAPTURE_AUTORELEASING = YES;
				CLANG_WARN_BOOL_CONVERSION = YES;
				CLANG_WARN_COMMA = YES;
				CLANG_WARN_CONSTANT_CONVERSION = YES;
				CLANG_WARN_DEPRECATED_OBJC_IMPLEMENTATIONS = YES;
				CLANG_WARN_DIRECT_OBJC_ISA_USAGE = YES_ERROR;
				CLANG_WARN_DOCUMENTATION_COMMENTS = YES;
				CLANG_WARN_EMPTY_BODY = YES;
				CLANG_WARN_ENUM_CONVERSION = YES;
				CLANG_WARN_INFINITE_RECURSION = YES;
				CLANG_WARN_INT_CONVERSION = YES;
				CLANG_WARN_NON_LITERAL_NULL_CONVERSION = YES;
				CLANG_WARN_OBJC_IMPLICIT_RETAIN_SELF = YES;
				CLANG_WARN_OBJC_LITERAL_CONVERSION = YES;
				CLANG_WARN_OBJC_ROOT_CLASS = YES_ERROR;
				CLANG_WARN_QUOTED_INCLUDE_IN_FRAMEWORK_HEADER = YES;
				CLANG_WARN_RANGE_LOOP_ANALYSIS = YES;
				CLANG_WARN_STRICT_PROTOTYPES = YES;
				CLANG_WARN_SUSPICIOUS_MOVE = YES;
				CLANG_WARN_UNGUARDED_AVAILABILITY = YES_AGGRESSIVE;
				CLANG_WARN_UNREACHABLE_CODE = YES;
				CLANG_WARN__DUPLICATE_METHOD_MATCH = YES;
				COPY_PHASE_STRIP = NO;
				DEBUG_INFORMATION_FORMAT = dwarf;
				ENABLE_STRICT_OBJC_MSGSEND = YES;
				ENABLE_TESTABILITY = YES;
				GCC_C_LANGUAGE_STANDARD = gnu11;
				GCC_DYNAMIC_NO_PIC = NO;
				GCC_NO_COMMON_BLOCKS = YES;
				GCC_OPTIMIZATION_LEVEL = 0;
				GCC_PREPROCESSOR_DEFINITIONS = (
					"DEBUG=1",
					"$(inherited)",
				);
				GCC_WARN_64_TO_32_BIT_CONVERSION = YES;
				GCC_WARN_ABOUT_RETURN_TYPE = YES_ERROR;
				GCC_WARN_UNDECLARED_SELECTOR = YES;
				GCC_WARN_UNINITIALIZED_AUTOS = YES_AGGRESSIVE;
				GCC_WARN_UNUSED_FUNCTION = YES;
				GCC_WARN_UNUSED_VARIABLE = YES;
				IPHONEOS_DEPLOYMENT_TARGET = 15.0;
				MTL_ENABLE_DEBUG_INFO = INCLUDE_SOURCE;
				MTL_FAST_MATH = YES;
				ONLY_ACTIVE_ARCH = YES;
				SDKROOT = iphoneos;
				SWIFT_ACTIVE_COMPILATION_CONDITIONS = DEBUG;
				SWIFT_OPTIMIZATION_LEVEL = "-Onone";
			};
			name = Debug;
		};
		717E65D9274E5CBE00E6157E /* Release */ = {
			isa = XCBuildConfiguration;
			buildSettings = {
				ALWAYS_SEARCH_USER_PATHS = NO;
				CLANG_ANALYZER_NONNULL = YES;
				CLANG_ANALYZER_NUMBER_OBJECT_CONVERSION = YES_AGGRESSIVE;
				CLANG_CXX_LANGUAGE_STANDARD = "gnu++17";
				CLANG_CXX_LIBRARY = "libc++";
				CLANG_ENABLE_MODULES = YES;
				CLANG_ENABLE_OBJC_ARC = YES;
				CLANG_ENABLE_OBJC_WEAK = YES;
				CLANG_WARN_BLOCK_CAPTURE_AUTORELEASING = YES;
				CLANG_WARN_BOOL_CONVERSION = YES;
				CLANG_WARN_COMMA = YES;
				CLANG_WARN_CONSTANT_CONVERSION = YES;
				CLANG_WARN_DEPRECATED_OBJC_IMPLEMENTATIONS = YES;
				CLANG_WARN_DIRECT_OBJC_ISA_USAGE = YES_ERROR;
				CLANG_WARN_DOCUMENTATION_COMMENTS = YES;
				CLANG_WARN_EMPTY_BODY = YES;
				CLANG_WARN_ENUM_CONVERSION = YES;
				CLANG_WARN_INFINITE_RECURSION = YES;
				CLANG_WARN_INT_CONVERSION = YES;
				CLANG_WARN_NON_LITERAL_NULL_CONVERSION = YES;
				CLANG_WARN_OBJC_IMPLICIT_RETAIN_SELF = YES;
				CLANG_WARN_OBJC_LITERAL_CONVERSION = YES;
				CLANG_WARN_OBJC_ROOT_CLASS = YES_ERROR;
				CLANG_WARN_QUOTED_INCLUDE_IN_FRAMEWORK_HEADER = YES;
				CLANG_WARN_RANGE_LOOP_ANALYSIS = YES;
				CLANG_WARN_STRICT_PROTOTYPES = YES;
				CLANG_WARN_SUSPICIOUS_MOVE = YES;
				CLANG_WARN_UNGUARDED_AVAILABILITY = YES_AGGRESSIVE;
				CLANG_WARN_UNREACHABLE_CODE = YES;
				CLANG_WARN__DUPLICATE_METHOD_MATCH = YES;
				COPY_PHASE_STRIP = NO;
				DEBUG_INFORMATION_FORMAT = "dwarf-with-dsym";
				ENABLE_NS_ASSERTIONS = NO;
				ENABLE_STRICT_OBJC_MSGSEND = YES;
				GCC_C_LANGUAGE_STANDARD = gnu11;
				GCC_NO_COMMON_BLOCKS = YES;
				GCC_WARN_64_TO_32_BIT_CONVERSION = YES;
				GCC_WARN_ABOUT_RETURN_TYPE = YES_ERROR;
				GCC_WARN_UNDECLARED_SELECTOR = YES;
				GCC_WARN_UNINITIALIZED_AUTOS = YES_AGGRESSIVE;
				GCC_WARN_UNUSED_FUNCTION = YES;
				GCC_WARN_UNUSED_VARIABLE = YES;
				IPHONEOS_DEPLOYMENT_TARGET = 15.0;
				MTL_ENABLE_DEBUG_INFO = NO;
				MTL_FAST_MATH = YES;
				SDKROOT = iphoneos;
				SWIFT_COMPILATION_MODE = wholemodule;
				SWIFT_OPTIMIZATION_LEVEL = "-O";
				VALIDATE_PRODUCT = YES;
			};
			name = Release;
		};
		717E65DB274E5CBE00E6157E /* Debug */ = {
			isa = XCBuildConfiguration;
			buildSettings = {
				ASSETCATALOG_COMPILER_APPICON_NAME = AppIcon;
				ASSETCATALOG_COMPILER_GLOBAL_ACCENT_COLOR_NAME = AccentColor;
				CODE_SIGN_STYLE = Automatic;
				CURRENT_PROJECT_VERSION = 1;
				DEVELOPMENT_ASSET_PATHS = "\"MyFirst_Calculator/Preview Content\"";
				ENABLE_PREVIEWS = YES;
				GENERATE_INFOPLIST_FILE = YES;
				INFOPLIST_KEY_UIApplicationSceneManifest_Generation = YES;
				INFOPLIST_KEY_UIApplicationSupportsIndirectInputEvents = YES;
				INFOPLIST_KEY_UILaunchScreen_Generation = YES;
				INFOPLIST_KEY_UISupportedInterfaceOrientations_iPad = "UIInterfaceOrientationPortrait UIInterfaceOrientationPortraitUpsideDown UIInterfaceOrientationLandscapeLeft UIInterfaceOrientationLandscapeRight";
				INFOPLIST_KEY_UISupportedInterfaceOrientations_iPhone = "UIInterfaceOrientationPortrait UIInterfaceOrientationLandscapeLeft UIInterfaceOrientationLandscapeRight";
				LD_RUNPATH_SEARCH_PATHS = (
					"$(inherited)",
					"@executable_path/Frameworks",
				);
				MARKETING_VERSION = 1.0;
				PRODUCT_BUNDLE_IDENTIFIER = "com.MyFirst-Calculator";
				PRODUCT_NAME = "$(TARGET_NAME)";
				SWIFT_EMIT_LOC_STRINGS = YES;
				SWIFT_VERSION = 5.0;
				TARGETED_DEVICE_FAMILY = "1,2";
			};
			name = Debug;
		};
		717E65DC274E5CBE00E6157E /* Release */ = {
			isa = XCBuildConfiguration;
			buildSettings = {
				ASSETCATALOG_COMPILER_APPICON_NAME = AppIcon;
				ASSETCATALOG_COMPILER_GLOBAL_ACCENT_COLOR_NAME = AccentColor;
				CODE_SIGN_STYLE = Automatic;
				CURRENT_PROJECT_VERSION = 1;
				DEVELOPMENT_ASSET_PATHS = "\"MyFirst_Calculator/Preview Content\"";
				ENABLE_PREVIEWS = YES;
				GENERATE_INFOPLIST_FILE = YES;
				INFOPLIST_KEY_UIApplicationSceneManifest_Generation = YES;
				INFOPLIST_KEY_UIApplicationSupportsIndirectInputEvents = YES;
				INFOPLIST_KEY_UILaunchScreen_Generation = YES;
				INFOPLIST_KEY_UISupportedInterfaceOrientations_iPad = "UIInterfaceOrientationPortrait UIInterfaceOrientationPortraitUpsideDown UIInterfaceOrientationLandscapeLeft UIInterfaceOrientationLandscapeRight";
				INFOPLIST_KEY_UISupportedInterfaceOrientations_iPhone = "UIInterfaceOrientationPortrait UIInterfaceOrientationLandscapeLeft UIInterfaceOrientationLandscapeRight";
				LD_RUNPATH_SEARCH_PATHS = (
					"$(inherited)",
					"@executable_path/Frameworks",
				);
				MARKETING_VERSION = 1.0;
				PRODUCT_BUNDLE_IDENTIFIER = "com.MyFirst-Calculator";
				PRODUCT_NAME = "$(TARGET_NAME)";
				SWIFT_EMIT_LOC_STRINGS = YES;
				SWIFT_VERSION = 5.0;
				TARGETED_DEVICE_FAMILY = "1,2";
			};
			name = Release;
		};
/* End XCBuildConfiguration section */

/* Begin XCConfigurationList section */
		717E65C7274E5CBD00E6157E /* Build configuration list for PBXProject "MyFirst_Calculator" */ = {
			isa = XCConfigurationList;
			buildConfigurations = (
				717E65D8274E5CBE00E6157E /* Debug */,
				717E65D9274E5CBE00E6157E /* Release */,
			);
			defaultConfigurationIsVisible = 0;
			defaultConfigurationName = Release;
		};
		717E65DA274E5CBE00E6157E /* Build configuration list for PBXNativeTarget "MyFirst_Calculator" */ = {
			isa = XCConfigurationList;
			buildConfigurations = (
				717E65DB274E5CBE00E6157E /* Debug */,
				717E65DC274E5CBE00E6157E /* Release */,
			);
			defaultConfigurationIsVisible = 0;
			defaultConfigurationName = Release;
		};
/* End XCConfigurationList section */
	};
	rootObject = 717E65C4274E5CBD00E6157E /* Project object */;
}
